
Microsoft Visual Studio Solution File, Format Version 12.00
# Visual Studio 15
VisualStudioVersion = 15.0.28010.2026
MinimumVisualStudioVersion = 10.0.40219.1
Project("{FAE04EC0-301F-11D3-BF4B-00C04F79EFBC}") = "Hashing", "Hashing\Hashing.csproj", "{47BBFD84-2CA4-4B08-9F9C-19D41DE3A48E}"
EndProject
Global
	GlobalSection(SolutionConfigurationPlatforms) = preSolution
		Debug|Any CPU = Debug|Any CPU
		Release|Any CPU = Release|Any CPU
	EndGlobalSection
	GlobalSection(ProjectConfigurationPlatforms) = postSolution
		{47BBFD84-2CA4-4B08-9F9C-19D41DE3A48E}.Debug|Any CPU.ActiveCfg = Debug|Any CPU
		{47BBFD84-2CA4-4B08-9F9C-19D41DE3A48E}.Debug|Any CPU.Build.0 = Debug|Any CPU
		{47BBFD84-2CA4-4B08-9F9C-19D41DE3A48E}.Release|Any CPU.ActiveCfg = Release|Any CPU
		{47BBFD84-2CA4-4B08-9F9C-19D41DE3A48E}.Release|Any CPU.Build.0 = Release|Any CPU
	EndGlobalSection
	GlobalSection(SolutionProperties) = preSolution
		HideSolutionNode = FALSE
	EndGlobalSection
	GlobalSection(ExtensibilityGlobals) = postSolution
		SolutionGuid = {5B881FF7-958B-457B-AAA7-DF500AF56E0B}
	EndGlobalSection
EndGlobal
